
Microsoft Visual Studio Solution File, Format Version 12.00
# Visual Studio Version 16
VisualStudioVersion = 16.0.29709.97
MinimumVisualStudioVersion = 10.0.40219.1
Project("{D2ABAB84-BF74-430A-B69E-9DC6D40DDA17}") = "LAB_ProjektZaliczeniowyWWI", "LAB_ProjektZaliczeniowyWWI\LAB_ProjektZaliczeniowyWWI.dwproj", "{C7341269-2B5F-46C5-84CB-3F0E74C36872}"
EndProject
Global
	GlobalSection(SolutionConfigurationPlatforms) = preSolution
		Development|Default = Development|Default
	EndGlobalSection
	GlobalSection(ProjectConfigurationPlatforms) = postSolution
		{C7341269-2B5F-46C5-84CB-3F0E74C36872}.Development|Default.ActiveCfg = Development
		{C7341269-2B5F-46C5-84CB-3F0E74C36872}.Development|Default.Build.0 = Development
		{C7341269-2B5F-46C5-84CB-3F0E74C36872}.Development|Default.Deploy.0 = Development
	EndGlobalSection
	GlobalSection(SolutionProperties) = preSolution
		HideSolutionNode = FALSE
	EndGlobalSection
	GlobalSection(ExtensibilityGlobals) = postSolution
		SolutionGuid = {507F12B8-6EBA-4342-83D9-AE754670E599}
	EndGlobalSection
EndGlobal
